
Microsoft Visual Studio Solution File, Format Version 12.00
# Visual Studio Version 17
VisualStudioVersion = 17.1.32210.238
MinimumVisualStudioVersion = 10.0.40219.1
Project("{FAE04EC0-301F-11D3-BF4B-00C04F79EFBC}") = "FindMaxUsingGenerics", "FindMaxUsingGenerics\FindMaxUsingGenerics.csproj", "{A26835DA-EE36-4AFC-8CA7-1CEAF1190AA3}"
EndProject
Global
	GlobalSection(SolutionConfigurationPlatforms) = preSolution
		Debug|Any CPU = Debug|Any CPU
		Release|Any CPU = Release|Any CPU
	EndGlobalSection
	GlobalSection(ProjectConfigurationPlatforms) = postSolution
		{A26835DA-EE36-4AFC-8CA7-1CEAF1190AA3}.Debug|Any CPU.ActiveCfg = Debug|Any CPU
		{A26835DA-EE36-4AFC-8CA7-1CEAF1190AA3}.Debug|Any CPU.Build.0 = Debug|Any CPU
		{A26835DA-EE36-4AFC-8CA7-1CEAF1190AA3}.Release|Any CPU.ActiveCfg = Release|Any CPU
		{A26835DA-EE36-4AFC-8CA7-1CEAF1190AA3}.Release|Any CPU.Build.0 = Release|Any CPU
	EndGlobalSection
	GlobalSection(SolutionProperties) = preSolution
		HideSolutionNode = FALSE
	EndGlobalSection
	GlobalSection(ExtensibilityGlobals) = postSolution
		SolutionGuid = {3509D059-94FA-44A0-9B15-8B9A65011506}
	EndGlobalSection
EndGlobal
